Microsoft Visual Studio Solution File, Format Version 9.00
# Visual Studio 2005
Project("{F184B08F-C81C-45F6-A57F-5ABD9991F28F}") = "WinWebSolution.Module", "WinWebSolution.Module\WinWebSolution.Module.vbproj", "{4769D372-65AE-4EF2-ADB0-F0DF42CA1D92}"
	ProjectSection(WebsiteProperties) = preProject
		Debug.AspNetCompiler.Debug = "True"
		Release.AspNetCompiler.Debug = "False"
	EndProjectSection
EndProject
Project("{F184B08F-C81C-45F6-A57F-5ABD9991F28F}") = "WinWebSolution.Module.Web", "WinWebSolution.Module.Web\WinWebSolution.Module.Web.vbproj", "{3FF3FBC7-D882-4808-B6C1-2E07587EE713}"
	ProjectSection(WebsiteProperties) = preProject
		Debug.AspNetCompiler.Debug = "True"
		Release.AspNetCompiler.Debug = "False"
	EndProjectSection
EndProject
Project("{F184B08F-C81C-45F6-A57F-5ABD9991F28F}") = "WinWebSolution.Web", "WinWebSolution.Web\WinWebSolution.Web.vbproj", "{99D7A654-E864-4788-A04C-6B1540F02FDC}"
	ProjectSection(WebsiteProperties) = preProject
		Debug.AspNetCompiler.Debug = "True"
		Release.AspNetCompiler.Debug = "False"
	EndProjectSection
EndProject
Project("{F184B08F-C81C-45F6-A57F-5ABD9991F28F}") = "WinWebSolution.Module.Win", "WinWebSolution.Module.Win\WinWebSolution.Module.Win.vbproj", "{6E1BAEB6-796A-4185-A96E-D58C599F33D7}"
	ProjectSection(WebsiteProperties) = preProject
		Debug.AspNetCompiler.Debug = "True"
		Release.AspNetCompiler.Debug = "False"
	EndProjectSection
EndProject
Project("{F184B08F-C81C-45F6-A57F-5ABD9991F28F}") = "WinWebSolution.Win", "WinWebSolution.Win\WinWebSolution.Win.vbproj", "{9F50BA98-C3EF-443E-8FE5-01018E36E1AA}"
	ProjectSection(WebsiteProperties) = preProject
		Debug.AspNetCompiler.Debug = "True"
		Release.AspNetCompiler.Debug = "False"
	EndProjectSection
EndProject
Global
	GlobalSection(SolutionConfigurationPlatforms) = preSolution
		Debug|Any CPU = Debug|Any CPU
		EasyTest|Any CPU = EasyTest|Any CPU
		Release|Any CPU = Release|Any CPU
	EndGlobalSection
	GlobalSection(ProjectConfigurationPlatforms) = postSolution
		{4769D372-65AE-4EF2-ADB0-F0DF42CA1D92}.Debug|Any CPU.ActiveCfg = Debug|Any CPU
		{4769D372-65AE-4EF2-ADB0-F0DF42CA1D92}.Debug|Any CPU.Build.0 = Debug|Any CPU
		{4769D372-65AE-4EF2-ADB0-F0DF42CA1D92}.EasyTest|Any CPU.ActiveCfg = EasyTest|Any CPU
		{4769D372-65AE-4EF2-ADB0-F0DF42CA1D92}.EasyTest|Any CPU.Build.0 = EasyTest|Any CPU
		{4769D372-65AE-4EF2-ADB0-F0DF42CA1D92}.Release|Any CPU.ActiveCfg = Release|Any CPU
		{4769D372-65AE-4EF2-ADB0-F0DF42CA1D92}.Release|Any CPU.Build.0 = Release|Any CPU
		{3FF3FBC7-D882-4808-B6C1-2E07587EE713}.Debug|Any CPU.ActiveCfg = Debug|Any CPU
		{3FF3FBC7-D882-4808-B6C1-2E07587EE713}.Debug|Any CPU.Build.0 = Debug|Any CPU
		{3FF3FBC7-D882-4808-B6C1-2E07587EE713}.EasyTest|Any CPU.ActiveCfg = EasyTest|Any CPU
		{3FF3FBC7-D882-4808-B6C1-2E07587EE713}.EasyTest|Any CPU.Build.0 = EasyTest|Any CPU
		{3FF3FBC7-D882-4808-B6C1-2E07587EE713}.Release|Any CPU.ActiveCfg = Release|Any CPU
		{3FF3FBC7-D882-4808-B6C1-2E07587EE713}.Release|Any CPU.Build.0 = Release|Any CPU
		{99D7A654-E864-4788-A04C-6B1540F02FDC}.Debug|Any CPU.ActiveCfg = Debug|Any CPU
		{99D7A654-E864-4788-A04C-6B1540F02FDC}.Debug|Any CPU.Build.0 = Debug|Any CPU
		{99D7A654-E864-4788-A04C-6B1540F02FDC}.EasyTest|Any CPU.ActiveCfg = EasyTest|Any CPU
		{99D7A654-E864-4788-A04C-6B1540F02FDC}.EasyTest|Any CPU.Build.0 = EasyTest|Any CPU
		{99D7A654-E864-4788-A04C-6B1540F02FDC}.Release|Any CPU.ActiveCfg = Release|Any CPU
		{99D7A654-E864-4788-A04C-6B1540F02FDC}.Release|Any CPU.Build.0 = Release|Any CPU
		{6E1BAEB6-796A-4185-A96E-D58C599F33D7}.Debug|Any CPU.ActiveCfg = Debug|Any CPU
		{6E1BAEB6-796A-4185-A96E-D58C599F33D7}.Debug|Any CPU.Build.0 = Debug|Any CPU
		{6E1BAEB6-796A-4185-A96E-D58C599F33D7}.EasyTest|Any CPU.ActiveCfg = EasyTest|Any CPU
		{6E1BAEB6-796A-4185-A96E-D58C599F33D7}.EasyTest|Any CPU.Build.0 = EasyTest|Any CPU
		{6E1BAEB6-796A-4185-A96E-D58C599F33D7}.Release|Any CPU.ActiveCfg = Release|Any CPU
		{6E1BAEB6-796A-4185-A96E-D58C599F33D7}.Release|Any CPU.Build.0 = Release|Any CPU
		{9F50BA98-C3EF-443E-8FE5-01018E36E1AA}.Debug|Any CPU.ActiveCfg = Debug|Any CPU
		{9F50BA98-C3EF-443E-8FE5-01018E36E1AA}.Debug|Any CPU.Build.0 = Debug|Any CPU
		{9F50BA98-C3EF-443E-8FE5-01018E36E1AA}.EasyTest|Any CPU.ActiveCfg = EasyTest|Any CPU
		{9F50BA98-C3EF-443E-8FE5-01018E36E1AA}.EasyTest|Any CPU.Build.0 = EasyTest|Any CPU
		{9F50BA98-C3EF-443E-8FE5-01018E36E1AA}.Release|Any CPU.ActiveCfg = Release|Any CPU
		{9F50BA98-C3EF-443E-8FE5-01018E36E1AA}.Release|Any CPU.Build.0 = Release|Any CPU
	EndGlobalSection
	GlobalSection(SolutionProperties) = preSolution
		HideSolutionNode = FALSE
	EndGlobalSection
EndGlobal
